
Microsoft Visual Studio Solution File, Format Version 12.00
# Visual Studio Version 16
VisualStudioVersion = 16.0.32413.511
MinimumVisualStudioVersion = 10.0.40219.1
Project("{FAE04EC0-301F-11D3-BF4B-00C04F79EFBC}") = "SALES AND INVENTORY SYSTEM FOR RI RICE MILL", "SALES AND INVENTORY SYSTEM FOR RI RICE MILL\SALES AND INVENTORY SYSTEM FOR RI RICE MILL.csproj", "{64AAA976-733A-4699-8E33-BF7AB53E34C0}"
EndProject
Project("{54435603-DBB4-11D2-8724-00A0C9A8B90C}") = "SalesInventorySetup", "SalesInventorySetup\SalesInventorySetup.vdproj", "{D4D3F57A-3553-4E99-8355-7DBCB319F88E}"
EndProject
Global
	GlobalSection(SolutionConfigurationPlatforms) = preSolution
		Debug|Any CPU = Debug|Any CPU
		Debug|x64 = Debug|x64
		Debug|x86 = Debug|x86
		Release|Any CPU = Release|Any CPU
		Release|x64 = Release|x64
		Release|x86 = Release|x86
	EndGlobalSection
	GlobalSection(ProjectConfigurationPlatforms) = postSolution
		{64AAA976-733A-4699-8E33-BF7AB53E34C0}.Debug|Any CPU.ActiveCfg = Debug|Any CPU
		{64AAA976-733A-4699-8E33-BF7AB53E34C0}.Debug|Any CPU.Build.0 = Debug|Any CPU
		{64AAA976-733A-4699-8E33-BF7AB53E34C0}.Debug|x64.ActiveCfg = Debug|x86
		{64AAA976-733A-4699-8E33-BF7AB53E34C0}.Debug|x64.Build.0 = Debug|x86
		{64AAA976-733A-4699-8E33-BF7AB53E34C0}.Debug|x86.ActiveCfg = Debug|x86
		{64AAA976-733A-4699-8E33-BF7AB53E34C0}.Debug|x86.Build.0 = Debug|x86
		{64AAA976-733A-4699-8E33-BF7AB53E34C0}.Release|Any CPU.ActiveCfg = Release|Any CPU
		{64AAA976-733A-4699-8E33-BF7AB53E34C0}.Release|Any CPU.Build.0 = Release|Any CPU
		{64AAA976-733A-4699-8E33-BF7AB53E34C0}.Release|x64.ActiveCfg = Release|x64
		{64AAA976-733A-4699-8E33-BF7AB53E34C0}.Release|x64.Build.0 = Release|x64
		{64AAA976-733A-4699-8E33-BF7AB53E34C0}.Release|x86.ActiveCfg = Release|x86
		{64AAA976-733A-4699-8E33-BF7AB53E34C0}.Release|x86.Build.0 = Release|x86
		{D4D3F57A-3553-4E99-8355-7DBCB319F88E}.Debug|Any CPU.ActiveCfg = Debug
		{D4D3F57A-3553-4E99-8355-7DBCB319F88E}.Debug|x64.ActiveCfg = Debug
		{D4D3F57A-3553-4E99-8355-7DBCB319F88E}.Debug|x86.ActiveCfg = Debug
		{D4D3F57A-3553-4E99-8355-7DBCB319F88E}.Release|Any CPU.ActiveCfg = Release
		{D4D3F57A-3553-4E99-8355-7DBCB319F88E}.Release|x64.ActiveCfg = Release
		{D4D3F57A-3553-4E99-8355-7DBCB319F88E}.Release|x86.ActiveCfg = Release
	EndGlobalSection
	GlobalSection(SolutionProperties) = preSolution
		HideSolutionNode = FALSE
	EndGlobalSection
	GlobalSection(ExtensibilityGlobals) = postSolution
		SolutionGuid = {3248691E-F1E5-4FA4-9A87-F2A754C97315}
	EndGlobalSection
EndGlobal
