
Microsoft Visual Studio Solution File, Format Version 12.00
# Visual Studio Version 17
VisualStudioVersion = 17.0.32014.148
MinimumVisualStudioVersion = 10.0.40219.1
Project("{FAE04EC0-301F-11D3-BF4B-00C04F79EFBC}") = "SALES AND INVENTORY SYSTEM FOR RI RICE MILL", "SALES AND INVENTORY SYSTEM FOR RI RICE MILL\SALES AND INVENTORY SYSTEM FOR RI RICE MILL.csproj", "{64AAA976-733A-4699-8E33-BF7AB53E34C0}"
EndProject
Global
	GlobalSection(SolutionConfigurationPlatforms) = preSolution
		Debug|Any CPU = Debug|Any CPU
		Debug|x64 = Debug|x64
		Release|Any CPU = Release|Any CPU
		Release|x64 = Release|x64
	EndGlobalSection
	GlobalSection(ProjectConfigurationPlatforms) = postSolution
		{64AAA976-733A-4699-8E33-BF7AB53E34C0}.Debug|Any CPU.ActiveCfg = Debug|Any CPU
		{64AAA976-733A-4699-8E33-BF7AB53E34C0}.Debug|Any CPU.Build.0 = Debug|Any CPU
		{64AAA976-733A-4699-8E33-BF7AB53E34C0}.Debug|x64.ActiveCfg = Debug|x64
		{64AAA976-733A-4699-8E33-BF7AB53E34C0}.Debug|x64.Build.0 = Debug|x64
		{64AAA976-733A-4699-8E33-BF7AB53E34C0}.Release|Any CPU.ActiveCfg = Release|Any CPU
		{64AAA976-733A-4699-8E33-BF7AB53E34C0}.Release|Any CPU.Build.0 = Release|Any CPU
		{64AAA976-733A-4699-8E33-BF7AB53E34C0}.Release|x64.ActiveCfg = Release|x64
		{64AAA976-733A-4699-8E33-BF7AB53E34C0}.Release|x64.Build.0 = Release|x64
	EndGlobalSection
	GlobalSection(SolutionProperties) = preSolution
		HideSolutionNode = FALSE
	EndGlobalSection
	GlobalSection(ExtensibilityGlobals) = postSolution
		SolutionGuid = {3248691E-F1E5-4FA4-9A87-F2A754C97315}
	EndGlobalSection
EndGlobal
